// !$*UTF8*$!
{
	archiveVersion = 1;
	classes = {
	};
	objectVersion = 50;
	objects = {

/* Begin PBXBuildFile section */
		D7607DE9249C5A3A00D5FD40 /* AppDelegate.swift in Sources */ = {isa = PBXBuildFile; fileRef = D7607DE8249C5A3A00D5FD40 /* AppDelegate.swift */; };
		D7607DEB249C5A3A00D5FD40 /* SceneDelegate.swift in Sources */ = {isa = PBXBuildFile; fileRef = D7607DEA249C5A3A00D5FD40 /* SceneDelegate.swift */; };
		D7607DED249C5A3A00D5FD40 /* ViewController.swift in Sources */ = {isa = PBXBuildFile; fileRef = D7607DEC249C5A3A00D5FD40 /* ViewController.swift */; };
		D7607DF0249C5A3A00D5FD40 /* Main.storyboard in Resources */ = {isa = PBXBuildFile; fileRef = D7607DEE249C5A3A00D5FD40 /* Main.storyboard */; };
		D7607DF2249C5A3B00D5FD40 /* Assets.xcassets in Resources */ = {isa = PBXBuildFile; fileRef = D7607DF1249C5A3B00D5FD40 /* Assets.xcassets */; };
		D7607DF5249C5A3B00D5FD40 /* LaunchScreen.storyboard in Resources */ = {isa = PBXBuildFile; fileRef = D7607DF3249C5A3B00D5FD40 /* LaunchScreen.storyboard */; };
/* End PBXBuildFile section */

/* Begin PBXFileReference section */
		D7607DE5249C5A3A00D5FD40 /* P7 WhiteHouse Petitions.app */ = {isa = PBXFileReference; explicitFileType = wrapper.application; includeInIndex = 0; path = "P7 WhiteHouse Petitions.app"; sourceTree = BUILT_PRODUCTS_DIR; };
		D7607DE8249C5A3A00D5FD40 /* AppDelegate.swift */ = {isa = PBXFileReference; lastKnownFileType = sourcecode.swift; path = AppDelegate.swift; sourceTree = "<group>"; };
		D7607DEA249C5A3A00D5FD40 /* SceneDelegate.swift */ = {isa = PBXFileReference; lastKnownFileType = sourcecode.swift; path = SceneDelegate.swift; sourceTree = "<group>"; };
		D7607DEC249C5A3A00D5FD40 /* ViewController.swift */ = {isa = PBXFileReference; lastKnownFileType = sourcecode.swift; path = ViewController.swift; sourceTree = "<group>"; };
		D7607DEF249C5A3A00D5FD40 /* Base */ = {isa = PBXFileReference; lastKnownFileType = file.storyboard; name = Base; path = Base.lproj/Main.storyboard; sourceTree = "<group>"; };
		D7607DF1249C5A3B00D5FD40 /* Assets.xcassets */ = {isa = PBXFileReference; lastKnownFileType = folder.assetcatalog; path = Assets.xcassets; sourceTree = "<group>"; };
		D7607DF4249C5A3B00D5FD40 /* Base */ = {isa = PBXFileReference; lastKnownFileType = file.storyboard; name = Base; path = Base.lproj/LaunchScreen.storyboard; sourceTree = "<group>"; };
		D7607DF6249C5A3B00D5FD40 /* Info.plist */ = {isa = PBXFileReference; lastKnownFileType = text.plist.xml; path = Info.plist; sourceTree = "<group>"; };
/* End PBXFileReference section */

/* Begin PBXFrameworksBuildPhase section */
		D7607DE2249C5A3A00D5FD40 /* Frameworks */ = {
			isa = PBXFrameworksBuildPhase;
			buildActionMask = 2147483647;
			files = (
			);
			runOnlyForDeploymentPostprocessing = 0;
		};
/* End PBXFrameworksBuildPhase section */

/* Begin PBXGroup section */
		D7607DDC249C5A3A00D5FD40 = {
			isa = PBXGroup;
			children = (
				D7607DE7249C5A3A00D5FD40 /* P7 WhiteHouse Petitions */,
				D7607DE6249C5A3A00D5FD40 /* Products */,
			);
			sourceTree = "<group>";
		};
		D7607DE6249C5A3A00D5FD40 /* Products */ = {
			isa = PBXGroup;
			children = (
				D7607DE5249C5A3A00D5FD40 /* P7 WhiteHouse Petitions.app */,
			);
			name = Products;
			sourceTree = "<group>";
		};
		D7607DE7249C5A3A00D5FD40 /* P7 WhiteHouse Petitions */ = {
			isa = PBXGroup;
			children = (
				D7607DE8249C5A3A00D5FD40 /* AppDelegate.swift */,
				D7607DEA249C5A3A00D5FD40 /* SceneDelegate.swift */,
				D7607DEC249C5A3A00D5FD40 /* ViewController.swift */,
				D7607DEE249C5A3A00D5FD40 /* Main.storyboard */,
				D7607DF1249C5A3B00D5FD40 /* Assets.xcassets */,
				D7607DF3249C5A3B00D5FD40 /* LaunchScreen.storyboard */,
				D7607DF6249C5A3B00D5FD40 /* Info.plist */,
			);
			path = "P7 WhiteHouse Petitions";
			sourceTree = "<group>";
		};
/* End PBXGroup section */

/* Begin PBXNativeTarget section */
		D7607DE4249C5A3A00D5FD40 /* P7 WhiteHouse Petitions */ = {
			isa = PBXNativeTarget;
			buildConfigurationList = D7607DF9249C5A3B00D5FD40 /* Build configuration list for PBXNativeTarget "P7 WhiteHouse Petitions" */;
			buildPhases = (
				D7607DE1249C5A3A00D5FD40 /* Sources */,
				D7607DE2249C5A3A00D5FD40 /* Frameworks */,
				D7607DE3249C5A3A00D5FD40 /* Resources */,
			);
			buildRules = (
			);
			dependencies = (
			);
			name = "P7 WhiteHouse Petitions";
			productName = "P7 WhiteHouse Petitions";
			productReference = D7607DE5249C5A3A00D5FD40 /* P7 WhiteHouse Petitions.app */;
			productType = "com.apple.product-type.application";
		};
/* End PBXNativeTarget section */

/* Begin PBXProject section */
		D7607DDD249C5A3A00D5FD40 /* Project object */ = {
			isa = PBXProject;
			attributes = {
				LastSwiftUpdateCheck = 1150;
				LastUpgradeCheck = 1150;
				ORGANIZATIONNAME = "Peter Romachov";
				TargetAttributes = {
					D7607DE4249C5A3A00D5FD40 = {
						CreatedOnToolsVersion = 11.5;
					};
				};
			};
			buildConfigurationList = D7607DE0249C5A3A00D5FD40 /* Build configuration list for PBXProject "P7 WhiteHouse Petitions" */;
			compatibilityVersion = "Xcode 9.3";
			developmentRegion = en;
			hasScannedForEncodings = 0;
			knownRegions = (
				en,
				Base,
			);
			mainGroup = D7607DDC249C5A3A00D5FD40;
			productRefGroup = D7607DE6249C5A3A00D5FD40 /* Products */;
			projectDirPath = "";
			projectRoot = "";
			targets = (
				D7607DE4249C5A3A00D5FD40 /* P7 WhiteHouse Petitions */,
			);
		};
/* End PBXProject section */

/* Begin PBXResourcesBuildPhase section */
		D7607DE3249C5A3A00D5FD40 /* Resources */ = {
			isa = PBXResourcesBuildPhase;
			buildActionMask = 2147483647;
			files = (
				D7607DF5249C5A3B00D5FD40 /* LaunchScreen.storyboard in Resources */,
				D7607DF2249C5A3B00D5FD40 /* Assets.xcassets in Resources */,
				D7607DF0249C5A3A00D5FD40 /* Main.storyboard in Resources */,
			);
			runOnlyForDeploymentPostprocessing = 0;
		};
/* End PBXResourcesBuildPhase section */

/* Begin PBXSourcesBuildPhase section */
		D7607DE1249C5A3A00D5FD40 /* Sources */ = {
			isa = PBXSourcesBuildPhase;
			buildActionMask = 2147483647;
			files = (
				D7607DED249C5A3A00D5FD40 /* ViewController.swift in Sources */,
				D7607DE9249C5A3A00D5FD40 /* AppDelegate.swift in Sources */,
				D7607DEB249C5A3A00D5FD40 /* SceneDelegate.swift in Sources */,
			);
			runOnlyForDeploymentPostprocessing = 0;
		};
/* End PBXSourcesBuildPhase section */

/* Begin PBXVariantGroup section */
		D7607DEE249C5A3A00D5FD40 /* Main.storyboard */ = {
			isa = PBXVariantGroup;
			children = (
				D7607DEF249C5A3A00D5FD40 /* Base */,
			);
			name = Main.storyboard;
			sourceTree = "<group>";
		};
		D7607DF3249C5A3B00D5FD40 /* LaunchScreen.storyboard */ = {
			isa = PBXVariantGroup;
			children = (
				D7607DF4249C5A3B00D5FD40 /* Base */,
			);
			name = LaunchScreen.storyboard;
			sourceTree = "<group>";
		};
/* End PBXVariantGroup section */

/* Begin XCBuildConfiguration section */
		D7607DF7249C5A3B00D5FD40 /* Debug */ = {
			isa = XCBuildConfiguration;
			buildSettings = {
				ALWAYS_SEARCH_USER_PATHS = NO;
				CLANG_ANALYZER_NONNULL = YES;
				CLANG_ANALYZER_NUMBER_OBJECT_CONVERSION = YES_AGGRESSIVE;
				CLANG_CXX_LANGUAGE_STANDARD = "gnu++14";
				CLANG_CXX_LIBRARY = "libc++";
				CLANG_ENABLE_MODULES = YES;
				CLANG_ENABLE_OBJC_ARC = YES;
				CLANG_ENABLE_OBJC_WEAK = YES;
				CLANG_WARN_BLOCK_CAPTURE_AUTORELEASING = YES;
				CLANG_WARN_BOOL_CONVERSION = YES;
				CLANG_WARN_COMMA = YES;
				CLANG_WARN_CONSTANT_CONVERSION = YES;
				CLANG_WARN_DEPRECATED_OBJC_IMPLEMENTATIONS = YES;
				CLANG_WARN_DIRECT_OBJC_ISA_USAGE = YES_ERROR;
				CLANG_WARN_DOCUMENTATION_COMMENTS = YES;
				CLANG_WARN_EMPTY_BODY = YES;
				CLANG_WARN_ENUM_CONVERSION = YES;
				CLANG_WARN_INFINITE_RECURSION = YES;
				CLANG_WARN_INT_CONVERSION = YES;
				CLANG_WARN_NON_LITERAL_NULL_CONVERSION = YES;
				CLANG_WARN_OBJC_IMPLICIT_RETAIN_SELF = YES;
				CLANG_WARN_OBJC_LITERAL_CONVERSION = YES;
				CLANG_WARN_OBJC_ROOT_CLASS = YES_ERROR;
				CLANG_WARN_RANGE_LOOP_ANALYSIS = YES;
				CLANG_WARN_STRICT_PROTOTYPES = YES;
				CLANG_WARN_SUSPICIOUS_MOVE = YES;
				CLANG_WARN_UNGUARDED_AVAILABILITY = YES_AGGRESSIVE;
				CLANG_WARN_UNREACHABLE_CODE = YES;
				CLANG_WARN__DUPLICATE_METHOD_MATCH = YES;
				COPY_PHASE_STRIP = NO;
				DEBUG_INFORMATION_FORMAT = dwarf;
				ENABLE_STRICT_OBJC_MSGSEND = YES;
				ENABLE_TESTABILITY = YES;
				GCC_C_LANGUAGE_STANDARD = gnu11;
				GCC_DYNAMIC_NO_PIC = NO;
				GCC_NO_COMMON_BLOCKS = YES;
				GCC_OPTIMIZATION_LEVEL = 0;
				GCC_PREPROCESSOR_DEFINITIONS = (
					"DEBUG=1",
					"$(inherited)",
				);
				GCC_WARN_64_TO_32_BIT_CONVERSION = YES;
				GCC_WARN_ABOUT_RETURN_TYPE = YES_ERROR;
				GCC_WARN_UNDECLARED_SELECTOR = YES;
				GCC_WARN_UNINITIALIZED_AUTOS = YES_AGGRESSIVE;
				GCC_WARN_UNUSED_FUNCTION = YES;
				GCC_WARN_UNUSED_VARIABLE = YES;
				IPHONEOS_DEPLOYMENT_TARGET = 13.5;
				MTL_ENABLE_DEBUG_INFO = INCLUDE_SOURCE;
				MTL_FAST_MATH = YES;
				ONLY_ACTIVE_ARCH = YES;
				SDKROOT = iphoneos;
				SWIFT_ACTIVE_COMPILATION_CONDITIONS = DEBUG;
				SWIFT_OPTIMIZATION_LEVEL = "-Onone";
			};
			name = Debug;
		};
		D7607DF8249C5A3B00D5FD40 /* Release */ = {
			isa = XCBuildConfiguration;
			buildSettings = {
				ALWAYS_SEARCH_USER_PATHS = NO;
				CLANG_ANALYZER_NONNULL = YES;
				CLANG_ANALYZER_NUMBER_OBJECT_CONVERSION = YES_AGGRESSIVE;
				CLANG_CXX_LANGUAGE_STANDARD = "gnu++14";
				CLANG_CXX_LIBRARY = "libc++";
				CLANG_ENABLE_MODULES = YES;
				CLANG_ENABLE_OBJC_ARC = YES;
				CLANG_ENABLE_OBJC_WEAK = YES;
				CLANG_WARN_BLOCK_CAPTURE_AUTORELEASING = YES;
				CLANG_WARN_BOOL_CONVERSION = YES;
				CLANG_WARN_COMMA = YES;
				CLANG_WARN_CONSTANT_CONVERSION = YES;
				CLANG_WARN_DEPRECATED_OBJC_IMPLEMENTATIONS = YES;
				CLANG_WARN_DIRECT_OBJC_ISA_USAGE = YES_ERROR;
				CLANG_WARN_DOCUMENTATION_COMMENTS = YES;
				CLANG_WARN_EMPTY_BODY = YES;
				CLANG_WARN_ENUM_CONVERSION = YES;
				CLANG_WARN_INFINITE_RECURSION = YES;
				CLANG_WARN_INT_CONVERSION = YES;
				CLANG_WARN_NON_LITERAL_NULL_CONVERSION = YES;
				CLANG_WARN_OBJC_IMPLICIT_RETAIN_SELF = YES;
				CLANG_WARN_OBJC_LITERAL_CONVERSION = YES;
				CLANG_WARN_OBJC_ROOT_CLASS = YES_ERROR;
				CLANG_WARN_RANGE_LOOP_ANALYSIS = YES;
				CLANG_WARN_STRICT_PROTOTYPES = YES;
				CLANG_WARN_SUSPICIOUS_MOVE = YES;
				CLANG_WARN_UNGUARDED_AVAILABILITY = YES_AGGRESSIVE;
				CLANG_WARN_UNREACHABLE_CODE = YES;
				CLANG_WARN__DUPLICATE_METHOD_MATCH = YES;
				COPY_PHASE_STRIP = NO;
				DEBUG_INFORMATION_FORMAT = "dwarf-with-dsym";
				ENABLE_NS_ASSERTIONS = NO;
				ENABLE_STRICT_OBJC_MSGSEND = YES;
				GCC_C_LANGUAGE_STANDARD = gnu11;
				GCC_NO_COMMON_BLOCKS = YES;
				GCC_WARN_64_TO_32_BIT_CONVERSION = YES;
				GCC_WARN_ABOUT_RETURN_TYPE = YES_ERROR;
				GCC_WARN_UNDECLARED_SELECTOR = YES;
				GCC_WARN_UNINITIALIZED_AUTOS = YES_AGGRESSIVE;
				GCC_WARN_UNUSED_FUNCTION = YES;
				GCC_WARN_UNUSED_VARIABLE = YES;
				IPHONEOS_DEPLOYMENT_TARGET = 13.5;
				MTL_ENABLE_DEBUG_INFO = NO;
				MTL_FAST_MATH = YES;
				SDKROOT = iphoneos;
				SWIFT_COMPILATION_MODE = wholemodule;
				SWIFT_OPTIMIZATION_LEVEL = "-O";
				VALIDATE_PRODUCT = YES;
			};
			name = Release;
		};
		D7607DFA249C5A3B00D5FD40 /* Debug */ = {
			isa = XCBuildConfiguration;
			buildSettings = {
				ASSETCATALOG_COMPILER_APPICON_NAME = AppIcon;
				CODE_SIGN_STYLE = Automatic;
				DEVELOPMENT_TEAM = 767BK7895H;
				INFOPLIST_FILE = "P7 WhiteHouse Petitions/Info.plist";
				LD_RUNPATH_SEARCH_PATHS = (
					"$(inherited)",
					"@executable_path/Frameworks",
				);
				PRODUCT_BUNDLE_IDENTIFIER = "com.promachov.P7-WhiteHouse-Petitions";
				PRODUCT_NAME = "$(TARGET_NAME)";
				SWIFT_VERSION = 5.0;
				TARGETED_DEVICE_FAMILY = "1,2";
			};
			name = Debug;
		};
		D7607DFB249C5A3B00D5FD40 /* Release */ = {
			isa = XCBuildConfiguration;
			buildSettings = {
				ASSETCATALOG_COMPILER_APPICON_NAME = AppIcon;
				CODE_SIGN_STYLE = Automatic;
				DEVELOPMENT_TEAM = 767BK7895H;
				INFOPLIST_FILE = "P7 WhiteHouse Petitions/Info.plist";
				LD_RUNPATH_SEARCH_PATHS = (
					"$(inherited)",
					"@executable_path/Frameworks",
				);
				PRODUCT_BUNDLE_IDENTIFIER = "com.promachov.P7-WhiteHouse-Petitions";
				PRODUCT_NAME = "$(TARGET_NAME)";
				SWIFT_VERSION = 5.0;
				TARGETED_DEVICE_FAMILY = "1,2";
			};
			name = Release;
		};
/* End XCBuildConfiguration section */

/* Begin XCConfigurationList section */
		D7607DE0249C5A3A00D5FD40 /* Build configuration list for PBXProject "P7 WhiteHouse Petitions" */ = {
			isa = XCConfigurationList;
			buildConfigurations = (
				D7607DF7249C5A3B00D5FD40 /* Debug */,
				D7607DF8249C5A3B00D5FD40 /* Release */,
			);
			defaultConfigurationIsVisible = 0;
			defaultConfigurationName = Release;
		};
		D7607DF9249C5A3B00D5FD40 /* Build configuration list for PBXNativeTarget "P7 WhiteHouse Petitions" */ = {
			isa = XCConfigurationList;
			buildConfigurations = (
				D7607DFA249C5A3B00D5FD40 /* Debug */,
				D7607DFB249C5A3B00D5FD40 /* Release */,
			);
			defaultConfigurationIsVisible = 0;
			defaultConfigurationName = Release;
		};
/* End XCConfigurationList section */
	};
	rootObject = D7607DDD249C5A3A00D5FD40 /* Project object */;
}
